// !$*UTF8*$!
{
	archiveVersion = 1;
	classes = {
	};
	objectVersion = 46;
	objects = {

/* Begin PBXBuildFile section */
		1A0BEC7613DDF862003C2632 /* KKIndexPath.h in Headers */ = {isa = PBXBuildFile; fileRef = 1A0BEC7413DDF862003C2632 /* KKIndexPath.h */; settings = {ATTRIBUTES = (Public, ); }; };
		1A0BEC7713DDF862003C2632 /* KKIndexPath.m in Sources */ = {isa = PBXBuildFile; fileRef = 1A0BEC7513DDF862003C2632 /* KKIndexPath.m */; };
		1A32AD8113DCDF1D00E8CC7C /* CoreGraphics.framework in Frameworks */ = {isa = PBXBuildFile; fileRef = 1A32AD7F13DCDF1D00E8CC7C /* CoreGraphics.framework */; };
		1A32AD8213DCDF1D00E8CC7C /* UIKit.framework in Frameworks */ = {isa = PBXBuildFile; fileRef = 1A32AD8013DCDF1D00E8CC7C /* UIKit.framework */; };
		1A32AD8513DCDFB200E8CC7C /* KKGridView.h in Headers */ = {isa = PBXBuildFile; fileRef = 1A32AD8313DCDFB200E8CC7C /* KKGridView.h */; settings = {ATTRIBUTES = (Public, ); }; };
		1A32AD8613DCDFB200E8CC7C /* KKGridView.m in Sources */ = {isa = PBXBuildFile; fileRef = 1A32AD8413DCDFB200E8CC7C /* KKGridView.m */; };
		1A32AD8913DCDFC200E8CC7C /* KKGridViewCell.h in Headers */ = {isa = PBXBuildFile; fileRef = 1A32AD8713DCDFC200E8CC7C /* KKGridViewCell.h */; settings = {ATTRIBUTES = (Public, ); }; };
		1A32AD8A13DCDFC200E8CC7C /* KKGridViewCell.m in Sources */ = {isa = PBXBuildFile; fileRef = 1A32AD8813DCDFC200E8CC7C /* KKGridViewCell.m */; };
		1A3F1B7013E34A62006747A3 /* KKGridViewUpdateStack.h in Headers */ = {isa = PBXBuildFile; fileRef = 1A3F1B6E13E34A61006747A3 /* KKGridViewUpdateStack.h */; };
		1A3F1B7113E34A62006747A3 /* KKGridViewUpdateStack.m in Sources */ = {isa = PBXBuildFile; fileRef = 1A3F1B6F13E34A61006747A3 /* KKGridViewUpdateStack.m */; };
		1A3F1B7413E34CF8006747A3 /* KKGridViewUpdate.h in Headers */ = {isa = PBXBuildFile; fileRef = 1A3F1B7213E34CF8006747A3 /* KKGridViewUpdate.h */; };
		1A3F1B7513E34CF8006747A3 /* KKGridViewUpdate.m in Sources */ = {isa = PBXBuildFile; fileRef = 1A3F1B7313E34CF8006747A3 /* KKGridViewUpdate.m */; };
		1A5F356713DD02CD00A38A3E /* Definitions.h in Headers */ = {isa = PBXBuildFile; fileRef = 1A5F356613DD02CD00A38A3E /* Definitions.h */; settings = {ATTRIBUTES = (Public, ); }; };
		1A61BE1313DCAF1F00AB4243 /* Foundation.framework in Frameworks */ = {isa = PBXBuildFile; fileRef = 1A61BE1213DCAF1F00AB4243 /* Foundation.framework */; };
		1A72A9751453AE42002546F8 /* KKGridViewController.h in Headers */ = {isa = PBXBuildFile; fileRef = 1A72A9731453AE42002546F8 /* KKGridViewController.h */; settings = {ATTRIBUTES = (Public, ); }; };
		1A72A9761453AE42002546F8 /* KKGridViewController.m in Sources */ = {isa = PBXBuildFile; fileRef = 1A72A9741453AE42002546F8 /* KKGridViewController.m */; };
		1AD5397A13DF7A060071EFDC /* CoreFoundation.framework in Frameworks */ = {isa = PBXBuildFile; fileRef = 1AD5397913DF7A060071EFDC /* CoreFoundation.framework */; };
		1AD5397C13DF7E690071EFDC /* QuartzCore.framework in Frameworks */ = {isa = PBXBuildFile; fileRef = 1AD5397B13DF7E690071EFDC /* QuartzCore.framework */; };
		F42166A614A3A610004E0C32 /* KKGridViewIndexView.h in Headers */ = {isa = PBXBuildFile; fileRef = F42166A414A3A610004E0C32 /* KKGridViewIndexView.h */; };
		F42166A714A3A610004E0C32 /* KKGridViewIndexView.m in Sources */ = {isa = PBXBuildFile; fileRef = F42166A514A3A610004E0C32 /* KKGridViewIndexView.m */; };
		FC368B40149B483900B92E57 /* KKBlocksDelegate.h in Headers */ = {isa = PBXBuildFile; fileRef = FC368B3E149B483900B92E57 /* KKBlocksDelegate.h */; };
		FC368B41149B483900B92E57 /* KKBlocksDelegate.m in Sources */ = {isa = PBXBuildFile; fileRef = FC368B3F149B483900B92E57 /* KKBlocksDelegate.m */; };
		FC53DF8313E629FE000767B1 /* KKGridViewSectionInfo.h in Headers */ = {isa = PBXBuildFile; fileRef = FC53DF8113E629FE000767B1 /* KKGridViewSectionInfo.h */; };
		FC53DF8413E629FE000767B1 /* KKGridViewSectionInfo.m in Sources */ = {isa = PBXBuildFile; fileRef = FC53DF8213E629FE000767B1 /* KKGridViewSectionInfo.m */; };
/* End PBXBuildFile section */

/* Begin PBXFileReference section */
		1A0BEC7413DDF862003C2632 /* KKIndexPath.h */ = {isa = PBXFileReference; fileEncoding = 4; lastKnownFileType = sourcecode.c.h; path = KKIndexPath.h; sourceTree = "<group>"; };
		1A0BEC7513DDF862003C2632 /* KKIndexPath.m */ = {isa = PBXFileReference; fileEncoding = 4; lastKnownFileType = sourcecode.c.objc; path = KKIndexPath.m; sourceTree = "<group>"; };
		1A32AD7F13DCDF1D00E8CC7C /* CoreGraphics.framework */ = {isa = PBXFileReference; lastKnownFileType = wrapper.framework; name = CoreGraphics.framework; path = System/Library/Frameworks/CoreGraphics.framework; sourceTree = SDKROOT; };
		1A32AD8013DCDF1D00E8CC7C /* UIKit.framework */ = {isa = PBXFileReference; lastKnownFileType = wrapper.framework; name = UIKit.framework; path = System/Library/Frameworks/UIKit.framework; sourceTree = SDKROOT; };
		1A32AD8313DCDFB200E8CC7C /* KKGridView.h */ = {isa = PBXFileReference; fileEncoding = 4; lastKnownFileType = sourcecode.c.h; path = KKGridView.h; sourceTree = "<group>"; };
		1A32AD8413DCDFB200E8CC7C /* KKGridView.m */ = {isa = PBXFileReference; fileEncoding = 4; indentWidth = 4; lastKnownFileType = sourcecode.c.objc; path = KKGridView.m; sourceTree = "<group>"; tabWidth = 4; };
		1A32AD8713DCDFC200E8CC7C /* KKGridViewCell.h */ = {isa = PBXFileReference; fileEncoding = 4; lastKnownFileType = sourcecode.c.h; path = KKGridViewCell.h; sourceTree = "<group>"; };
		1A32AD8813DCDFC200E8CC7C /* KKGridViewCell.m */ = {isa = PBXFileReference; fileEncoding = 4; lastKnownFileType = sourcecode.c.objc; path = KKGridViewCell.m; sourceTree = "<group>"; };
		1A3F1B6E13E34A61006747A3 /* KKGridViewUpdateStack.h */ = {isa = PBXFileReference; fileEncoding = 4; lastKnownFileType = sourcecode.c.h; path = KKGridViewUpdateStack.h; sourceTree = "<group>"; };
		1A3F1B6F13E34A61006747A3 /* KKGridViewUpdateStack.m */ = {isa = PBXFileReference; fileEncoding = 4; lastKnownFileType = sourcecode.c.objc; path = KKGridViewUpdateStack.m; sourceTree = "<group>"; };
		1A3F1B7213E34CF8006747A3 /* KKGridViewUpdate.h */ = {isa = PBXFileReference; fileEncoding = 4; lastKnownFileType = sourcecode.c.h; path = KKGridViewUpdate.h; sourceTree = "<group>"; };
		1A3F1B7313E34CF8006747A3 /* KKGridViewUpdate.m */ = {isa = PBXFileReference; fileEncoding = 4; lastKnownFileType = sourcecode.c.objc; path = KKGridViewUpdate.m; sourceTree = "<group>"; };
		1A5F356613DD02CD00A38A3E /* Definitions.h */ = {isa = PBXFileReference; fileEncoding = 4; lastKnownFileType = sourcecode.c.h; path = Definitions.h; sourceTree = "<group>"; };
		1A61BE0F13DCAF1F00AB4243 /* libKKGridView.a */ = {isa = PBXFileReference; explicitFileType = archive.ar; includeInIndex = 0; path = libKKGridView.a; sourceTree = BUILT_PRODUCTS_DIR; };
		1A61BE1213DCAF1F00AB4243 /* Foundation.framework */ = {isa = PBXFileReference; lastKnownFileType = wrapper.framework; name = Foundation.framework; path = System/Library/Frameworks/Foundation.framework; sourceTree = SDKROOT; };
		1A61BE1613DCAF1F00AB4243 /* KKGridView-Prefix.pch */ = {isa = PBXFileReference; lastKnownFileType = sourcecode.c.h; path = "KKGridView-Prefix.pch"; sourceTree = "<group>"; };
		1A72A9731453AE42002546F8 /* KKGridViewController.h */ = {isa = PBXFileReference; fileEncoding = 4; lastKnownFileType = sourcecode.c.h; path = KKGridViewController.h; sourceTree = "<group>"; };
		1A72A9741453AE42002546F8 /* KKGridViewController.m */ = {isa = PBXFileReference; fileEncoding = 4; lastKnownFileType = sourcecode.c.objc; path = KKGridViewController.m; sourceTree = "<group>"; };
		1A7DF7041454E543000372DA /* Resources-Info.plist */ = {isa = PBXFileReference; lastKnownFileType = text.plist.xml; path = "Resources-Info.plist"; sourceTree = "<group>"; };
		1A7DF7061454E543000372DA /* en */ = {isa = PBXFileReference; lastKnownFileType = text.plist.strings; name = en; path = en.lproj/InfoPlist.strings; sourceTree = "<group>"; };
		1A7DF7081454E543000372DA /* Resources-Prefix.pch */ = {isa = PBXFileReference; lastKnownFileType = sourcecode.c.h; path = "Resources-Prefix.pch"; sourceTree = "<group>"; };
		1AD5397913DF7A060071EFDC /* CoreFoundation.framework */ = {isa = PBXFileReference; lastKnownFileType = wrapper.framework; name = CoreFoundation.framework; path = System/Library/Frameworks/CoreFoundation.framework; sourceTree = SDKROOT; };
		1AD5397B13DF7E690071EFDC /* QuartzCore.framework */ = {isa = PBXFileReference; lastKnownFileType = wrapper.framework; name = QuartzCore.framework; path = System/Library/Frameworks/QuartzCore.framework; sourceTree = SDKROOT; };
		F42166A414A3A610004E0C32 /* KKGridViewIndexView.h */ = {isa = PBXFileReference; fileEncoding = 4; lastKnownFileType = sourcecode.c.h; path = KKGridViewIndexView.h; sourceTree = "<group>"; };
		F42166A514A3A610004E0C32 /* KKGridViewIndexView.m */ = {isa = PBXFileReference; fileEncoding = 4; lastKnownFileType = sourcecode.c.objc; path = KKGridViewIndexView.m; sourceTree = "<group>"; };
		FC368B3E149B483900B92E57 /* KKBlocksDelegate.h */ = {isa = PBXFileReference; fileEncoding = 4; lastKnownFileType = sourcecode.c.h; path = KKBlocksDelegate.h; sourceTree = "<group>"; };
		FC368B3F149B483900B92E57 /* KKBlocksDelegate.m */ = {isa = PBXFileReference; fileEncoding = 4; lastKnownFileType = sourcecode.c.objc; path = KKBlocksDelegate.m; sourceTree = "<group>"; };
		FC53DF8113E629FE000767B1 /* KKGridViewSectionInfo.h */ = {isa = PBXFileReference; fileEncoding = 4; lastKnownFileType = sourcecode.c.h; path = KKGridViewSectionInfo.h; sourceTree = "<group>"; };
		FC53DF8213E629FE000767B1 /* KKGridViewSectionInfo.m */ = {isa = PBXFileReference; fileEncoding = 4; lastKnownFileType = sourcecode.c.objc; path = KKGridViewSectionInfo.m; sourceTree = "<group>"; };
/* End PBXFileReference section */

/* Begin PBXFrameworksBuildPhase section */
		1A61BE0C13DCAF1F00AB4243 /* Frameworks */ = {
			isa = PBXFrameworksBuildPhase;
			buildActionMask = 2147483647;
			files = (
				1AD5397A13DF7A060071EFDC /* CoreFoundation.framework in Frameworks */,
				1A32AD8113DCDF1D00E8CC7C /* CoreGraphics.framework in Frameworks */,
				1A61BE1313DCAF1F00AB4243 /* Foundation.framework in Frameworks */,
				1AD5397C13DF7E690071EFDC /* QuartzCore.framework in Frameworks */,
				1A32AD8213DCDF1D00E8CC7C /* UIKit.framework in Frameworks */,
			);
			runOnlyForDeploymentPostprocessing = 0;
		};
/* End PBXFrameworksBuildPhase section */

/* Begin PBXGroup section */
		1A61BE0413DCAF1F00AB4243 = {
			isa = PBXGroup;
			children = (
				1A61BE1413DCAF1F00AB4243 /* KKGridView */,
				1A7DF7021454E543000372DA /* Resources */,
				1A61BE1113DCAF1F00AB4243 /* Frameworks */,
				1A61BE1013DCAF1F00AB4243 /* Products */,
			);
			indentWidth = 4;
			sourceTree = "<group>";
			tabWidth = 4;
		};
		1A61BE1013DCAF1F00AB4243 /* Products */ = {
			isa = PBXGroup;
			children = (
				1A61BE0F13DCAF1F00AB4243 /* libKKGridView.a */,
			);
			name = Products;
			sourceTree = "<group>";
		};
		1A61BE1113DCAF1F00AB4243 /* Frameworks */ = {
			isa = PBXGroup;
			children = (
				1AD5397913DF7A060071EFDC /* CoreFoundation.framework */,
				1A32AD7F13DCDF1D00E8CC7C /* CoreGraphics.framework */,
				1A61BE1213DCAF1F00AB4243 /* Foundation.framework */,
				1AD5397B13DF7E690071EFDC /* QuartzCore.framework */,
				1A32AD8013DCDF1D00E8CC7C /* UIKit.framework */,
			);
			name = Frameworks;
			sourceTree = "<group>";
		};
		1A61BE1413DCAF1F00AB4243 /* KKGridView */ = {
			isa = PBXGroup;
			children = (
				1A32AD8313DCDFB200E8CC7C /* KKGridView.h */,
				1A32AD8413DCDFB200E8CC7C /* KKGridView.m */,
				1A32AD8713DCDFC200E8CC7C /* KKGridViewCell.h */,
				1A32AD8813DCDFC200E8CC7C /* KKGridViewCell.m */,
				F42166A414A3A610004E0C32 /* KKGridViewIndexView.h */,
				F42166A514A3A610004E0C32 /* KKGridViewIndexView.m */,
				1A3F1B7213E34CF8006747A3 /* KKGridViewUpdate.h */,
				1A3F1B7313E34CF8006747A3 /* KKGridViewUpdate.m */,
				1A3F1B6E13E34A61006747A3 /* KKGridViewUpdateStack.h */,
				1A3F1B6F13E34A61006747A3 /* KKGridViewUpdateStack.m */,
				FC53DF8113E629FE000767B1 /* KKGridViewSectionInfo.h */,
				FC53DF8213E629FE000767B1 /* KKGridViewSectionInfo.m */,
				1A0BEC7413DDF862003C2632 /* KKIndexPath.h */,
				1A0BEC7513DDF862003C2632 /* KKIndexPath.m */,
				1A72A9731453AE42002546F8 /* KKGridViewController.h */,
				1A72A9741453AE42002546F8 /* KKGridViewController.m */,
				FC368B3E149B483900B92E57 /* KKBlocksDelegate.h */,
				FC368B3F149B483900B92E57 /* KKBlocksDelegate.m */,
				1A61BE1513DCAF1F00AB4243 /* Supporting Files */,
			);
			path = KKGridView;
			sourceTree = "<group>";
		};
		1A61BE1513DCAF1F00AB4243 /* Supporting Files */ = {
			isa = PBXGroup;
			children = (
				1A5F356613DD02CD00A38A3E /* Definitions.h */,
				1A61BE1613DCAF1F00AB4243 /* KKGridView-Prefix.pch */,
			);
			name = "Supporting Files";
			sourceTree = "<group>";
		};
		1A7DF7021454E543000372DA /* Resources */ = {
			isa = PBXGroup;
			children = (
				1A7DF7031454E543000372DA /* Supporting Files */,
			);
			path = Resources;
			sourceTree = "<group>";
		};
		1A7DF7031454E543000372DA /* Supporting Files */ = {
			isa = PBXGroup;
			children = (
				1A7DF7041454E543000372DA /* Resources-Info.plist */,
				1A7DF7051454E543000372DA /* InfoPlist.strings */,
				1A7DF7081454E543000372DA /* Resources-Prefix.pch */,
			);
			name = "Supporting Files";
			sourceTree = "<group>";
		};
/* End PBXGroup section */

/* Begin PBXHeadersBuildPhase section */
		1A61BE0D13DCAF1F00AB4243 /* Headers */ = {
			isa = PBXHeadersBuildPhase;
			buildActionMask = 2147483647;
			files = (
				1A5F356713DD02CD00A38A3E /* Definitions.h in Headers */,
				1A32AD8513DCDFB200E8CC7C /* KKGridView.h in Headers */,
				1A32AD8913DCDFC200E8CC7C /* KKGridViewCell.h in Headers */,
				1A72A9751453AE42002546F8 /* KKGridViewController.h in Headers */,
				1A0BEC7613DDF862003C2632 /* KKIndexPath.h in Headers */,
				1A3F1B7413E34CF8006747A3 /* KKGridViewUpdate.h in Headers */,
				1A3F1B7013E34A62006747A3 /* KKGridViewUpdateStack.h in Headers */,
				FC53DF8313E629FE000767B1 /* KKGridViewSectionInfo.h in Headers */,
				FC368B40149B483900B92E57 /* KKBlocksDelegate.h in Headers */,
				F42166A614A3A610004E0C32 /* KKGridViewIndexView.h in Headers */,
			);
			runOnlyForDeploymentPostprocessing = 0;
		};
/* End PBXHeadersBuildPhase section */

/* Begin PBXNativeTarget section */
		1A61BE0E13DCAF1F00AB4243 /* KKGridView */ = {
			isa = PBXNativeTarget;
			buildConfigurationList = 1A61BE1C13DCAF1F00AB4243 /* Build configuration list for PBXNativeTarget "KKGridView" */;
			buildPhases = (
				1A61BE0B13DCAF1F00AB4243 /* Sources */,
				1A61BE0C13DCAF1F00AB4243 /* Frameworks */,
				1A61BE0D13DCAF1F00AB4243 /* Headers */,
			);
			buildRules = (
			);
			dependencies = (
			);
			name = KKGridView;
			productName = KKGridView;
			productReference = 1A61BE0F13DCAF1F00AB4243 /* libKKGridView.a */;
			productType = "com.apple.product-type.library.static";
		};
/* End PBXNativeTarget section */

/* Begin PBXProject section */
		1A61BE0613DCAF1F00AB4243 /* Project object */ = {
			isa = PBXProject;
			attributes = {
				LastUpgradeCheck = 0420;
				ORGANIZATIONNAME = "kxk design";
			};
			buildConfigurationList = 1A61BE0913DCAF1F00AB4243 /* Build configuration list for PBXProject "KKGridView" */;
			compatibilityVersion = "Xcode 3.2";
			developmentRegion = English;
			hasScannedForEncodings = 0;
			knownRegions = (
				en,
			);
			mainGroup = 1A61BE0413DCAF1F00AB4243;
			productRefGroup = 1A61BE1013DCAF1F00AB4243 /* Products */;
			projectDirPath = "";
			projectRoot = "";
			targets = (
				1A61BE0E13DCAF1F00AB4243 /* KKGridView */,
			);
		};
/* End PBXProject section */

/* Begin PBXSourcesBuildPhase section */
		1A61BE0B13DCAF1F00AB4243 /* Sources */ = {
			isa = PBXSourcesBuildPhase;
			buildActionMask = 2147483647;
			files = (
				1A32AD8613DCDFB200E8CC7C /* KKGridView.m in Sources */,
				1A32AD8A13DCDFC200E8CC7C /* KKGridViewCell.m in Sources */,
				1A0BEC7713DDF862003C2632 /* KKIndexPath.m in Sources */,
				1A3F1B7113E34A62006747A3 /* KKGridViewUpdateStack.m in Sources */,
				1A3F1B7513E34CF8006747A3 /* KKGridViewUpdate.m in Sources */,
				FC53DF8413E629FE000767B1 /* KKGridViewSectionInfo.m in Sources */,
				1A72A9761453AE42002546F8 /* KKGridViewController.m in Sources */,
				FC368B41149B483900B92E57 /* KKBlocksDelegate.m in Sources */,
				F42166A714A3A610004E0C32 /* KKGridViewIndexView.m in Sources */,
			);
			runOnlyForDeploymentPostprocessing = 0;
		};
/* End PBXSourcesBuildPhase section */

/* Begin PBXVariantGroup section */
		1A7DF7051454E543000372DA /* InfoPlist.strings */ = {
			isa = PBXVariantGroup;
			children = (
				1A7DF7061454E543000372DA /* en */,
			);
			name = InfoPlist.strings;
			sourceTree = "<group>";
		};
/* End PBXVariantGroup section */

/* Begin XCBuildConfiguration section */
		1A61BE1A13DCAF1F00AB4243 /* Debug */ = {
			isa = XCBuildConfiguration;
			buildSettings = {
				ALWAYS_SEARCH_USER_PATHS = NO;
				ARCHS = "$(ARCHS_STANDARD_32_BIT)";
				COPY_PHASE_STRIP = NO;
				GCC_C_LANGUAGE_STANDARD = gnu99;
				GCC_DYNAMIC_NO_PIC = NO;
				GCC_OPTIMIZATION_LEVEL = 0;
				GCC_PREPROCESSOR_DEFINITIONS = (
					"DEBUG=1",
					"$(inherited)",
				);
				GCC_SYMBOLS_PRIVATE_EXTERN = NO;
				GCC_VERSION = com.apple.compilers.llvm.clang.1_0;
				GCC_WARN_ABOUT_MISSING_PROTOTYPES = YES;
				GCC_WARN_ABOUT_RETURN_TYPE = YES;
				GCC_WARN_UNUSED_VARIABLE = YES;
				IPHONEOS_DEPLOYMENT_TARGET = 4.0;
				SDKROOT = iphoneos;
			};
			name = Debug;
		};
		1A61BE1B13DCAF1F00AB4243 /* Release */ = {
			isa = XCBuildConfiguration;
			buildSettings = {
				ALWAYS_SEARCH_USER_PATHS = NO;
				ARCHS = "$(ARCHS_STANDARD_32_BIT)";
				COPY_PHASE_STRIP = YES;
				GCC_C_LANGUAGE_STANDARD = gnu99;
				GCC_VERSION = com.apple.compilers.llvm.clang.1_0;
				GCC_WARN_ABOUT_MISSING_PROTOTYPES = YES;
				GCC_WARN_ABOUT_RETURN_TYPE = YES;
				GCC_WARN_UNUSED_VARIABLE = YES;
				IPHONEOS_DEPLOYMENT_TARGET = 4.0;
				SDKROOT = iphoneos;
				VALIDATE_PRODUCT = YES;
			};
			name = Release;
		};
		1A61BE1D13DCAF1F00AB4243 /* Debug */ = {
			isa = XCBuildConfiguration;
			buildSettings = {
				ARCHS = "$(ARCHS_STANDARD_32_BIT)";
				CLANG_ARC_MIGRATION = donothing;
				CLANG_ENABLE_OBJC_ARC = YES;
				CLANG_WARN_OBJCPP_ARC_ABI = YES;
				GCC_OPTIMIZATION_LEVEL = 0;
				GCC_PRECOMPILE_PREFIX_HEADER = YES;
				GCC_PREFIX_HEADER = "KKGridView/KKGridView-Prefix.pch";
				INSTALL_PATH = "/../BuildProductsPath/$(CONFIGURATION)$(EFFECTIVE_PLATFORM_NAME)/";
				IPHONEOS_DEPLOYMENT_TARGET = 4.3;
				OTHER_LDFLAGS = (
					"-all_load",
					"-ObjC",
				);
				PRODUCT_NAME = "$(TARGET_NAME)";
				PUBLIC_HEADERS_FOLDER_PATH = "include/$(PROJECT_NAME)";
				RUN_CLANG_STATIC_ANALYZER = NO;
				SKIP_INSTALL = YES;
			};
			name = Debug;
		};
		1A61BE1E13DCAF1F00AB4243 /* Release */ = {
			isa = XCBuildConfiguration;
			buildSettings = {
				ARCHS = "$(ARCHS_STANDARD_32_BIT)";
				CLANG_ARC_MIGRATION = donothing;
				CLANG_ENABLE_OBJC_ARC = YES;
				CLANG_WARN_OBJCPP_ARC_ABI = YES;
				GCC_PRECOMPILE_PREFIX_HEADER = YES;
				GCC_PREFIX_HEADER = "KKGridView/KKGridView-Prefix.pch";
				INSTALL_PATH = "/../BuildProductsPath/$(CONFIGURATION)$(EFFECTIVE_PLATFORM_NAME)/";
				IPHONEOS_DEPLOYMENT_TARGET = 4.3;
				OTHER_LDFLAGS = (
					"-all_load",
					"-ObjC",
				);
				PRODUCT_NAME = "$(TARGET_NAME)";
				PUBLIC_HEADERS_FOLDER_PATH = "include/$(PROJECT_NAME)";
				RUN_CLANG_STATIC_ANALYZER = YES;
				SKIP_INSTALL = YES;
			};
			name = Release;
		};
/* End XCBuildConfiguration section */

/* Begin XCConfigurationList section */
		1A61BE0913DCAF1F00AB4243 /* Build configuration list for PBXProject "KKGridView" */ = {
			isa = XCConfigurationList;
			buildConfigurations = (
				1A61BE1A13DCAF1F00AB4243 /* Debug */,
				1A61BE1B13DCAF1F00AB4243 /* Release */,
			);
			defaultConfigurationIsVisible = 0;
			defaultConfigurationName = Release;
		};
		1A61BE1C13DCAF1F00AB4243 /* Build configuration list for PBXNativeTarget "KKGridView" */ = {
			isa = XCConfigurationList;
			buildConfigurations = (
				1A61BE1D13DCAF1F00AB4243 /* Debug */,
				1A61BE1E13DCAF1F00AB4243 /* Release */,
			);
			defaultConfigurationIsVisible = 0;
			defaultConfigurationName = Release;
		};
/* End XCConfigurationList section */
	};
	rootObject = 1A61BE0613DCAF1F00AB4243 /* Project object */;
}
