// !$*UTF8*$!
{
	archiveVersion = 1;
	classes = {
	};
	objectVersion = 46;
	objects = {

/* Begin PBXBuildFile section */
		33B3258F154C98DA00CB9597 /* UIKit.framework in Frameworks */ = {isa = PBXBuildFile; fileRef = 33B3258E154C98DA00CB9597 /* UIKit.framework */; };
		33B32591154C98DA00CB9597 /* Foundation.framework in Frameworks */ = {isa = PBXBuildFile; fileRef = 33B32590154C98DA00CB9597 /* Foundation.framework */; };
		33B32593154C98DA00CB9597 /* CoreGraphics.framework in Frameworks */ = {isa = PBXBuildFile; fileRef = 33B32592154C98DA00CB9597 /* CoreGraphics.framework */; };
		33B32599154C98DA00CB9597 /* InfoPlist.strings in Resources */ = {isa = PBXBuildFile; fileRef = 33B32597154C98DA00CB9597 /* InfoPlist.strings */; };
		33B3259B154C98DA00CB9597 /* main.m in Sources */ = {isa = PBXBuildFile; fileRef = 33B3259A154C98DA00CB9597 /* main.m */; };
		33B3259F154C98DA00CB9597 /* KKAppDelegate.m in Sources */ = {isa = PBXBuildFile; fileRef = 33B3259E154C98DA00CB9597 /* KKAppDelegate.m */; };
		33B325A1154C98DA00CB9597 /* FeatureDemo.entitlements in Resources */ = {isa = PBXBuildFile; fileRef = 33B325A0154C98DA00CB9597 /* FeatureDemo.entitlements */; };
		33B325A4154C98DA00CB9597 /* KKMasterViewController.m in Sources */ = {isa = PBXBuildFile; fileRef = 33B325A3154C98DA00CB9597 /* KKMasterViewController.m */; };
		33B325A7154C98DA00CB9597 /* KKDetailViewController.m in Sources */ = {isa = PBXBuildFile; fileRef = 33B325A6154C98DA00CB9597 /* KKDetailViewController.m */; };
		33B325AA154C98DA00CB9597 /* KKMasterViewController.xib in Resources */ = {isa = PBXBuildFile; fileRef = 33B325A8154C98DA00CB9597 /* KKMasterViewController.xib */; };
		33B325AD154C98DA00CB9597 /* KKDetailViewController.xib in Resources */ = {isa = PBXBuildFile; fileRef = 33B325AB154C98DA00CB9597 /* KKDetailViewController.xib */; };
		33B325B4154CA66300CB9597 /* libKKGridView.a in Frameworks */ = {isa = PBXBuildFile; fileRef = 33B325B3154CA66300CB9597 /* libKKGridView.a */; };
		33B325BB154CB0C200CB9597 /* KKDemoCell.m in Sources */ = {isa = PBXBuildFile; fileRef = 33B325BA154CB0C200CB9597 /* KKDemoCell.m */; };
		33B325BD154E540700CB9597 /* KKGridView.bundle in Resources */ = {isa = PBXBuildFile; fileRef = 33B325BC154E540700CB9597 /* KKGridView.bundle */; };
/* End PBXBuildFile section */

/* Begin PBXFileReference section */
		33B3258A154C98DA00CB9597 /* FeatureDemo.app */ = {isa = PBXFileReference; explicitFileType = wrapper.application; includeInIndex = 0; path = FeatureDemo.app; sourceTree = BUILT_PRODUCTS_DIR; };
		33B3258E154C98DA00CB9597 /* UIKit.framework */ = {isa = PBXFileReference; lastKnownFileType = wrapper.framework; name = UIKit.framework; path = System/Library/Frameworks/UIKit.framework; sourceTree = SDKROOT; };
		33B32590154C98DA00CB9597 /* Foundation.framework */ = {isa = PBXFileReference; lastKnownFileType = wrapper.framework; name = Foundation.framework; path = System/Library/Frameworks/Foundation.framework; sourceTree = SDKROOT; };
		33B32592154C98DA00CB9597 /* CoreGraphics.framework */ = {isa = PBXFileReference; lastKnownFileType = wrapper.framework; name = CoreGraphics.framework; path = System/Library/Frameworks/CoreGraphics.framework; sourceTree = SDKROOT; };
		33B32596154C98DA00CB9597 /* FeatureDemo-Info.plist */ = {isa = PBXFileReference; lastKnownFileType = text.plist.xml; path = "FeatureDemo-Info.plist"; sourceTree = "<group>"; };
		33B32598154C98DA00CB9597 /* en */ = {isa = PBXFileReference; lastKnownFileType = text.plist.strings; name = en; path = en.lproj/InfoPlist.strings; sourceTree = "<group>"; };
		33B3259A154C98DA00CB9597 /* main.m */ = {isa = PBXFileReference; lastKnownFileType = sourcecode.c.objc; path = main.m; sourceTree = "<group>"; };
		33B3259C154C98DA00CB9597 /* FeatureDemo-Prefix.pch */ = {isa = PBXFileReference; lastKnownFileType = sourcecode.c.h; path = "FeatureDemo-Prefix.pch"; sourceTree = "<group>"; };
		33B3259D154C98DA00CB9597 /* KKAppDelegate.h */ = {isa = PBXFileReference; lastKnownFileType = sourcecode.c.h; path = KKAppDelegate.h; sourceTree = "<group>"; };
		33B3259E154C98DA00CB9597 /* KKAppDelegate.m */ = {isa = PBXFileReference; lastKnownFileType = sourcecode.c.objc; path = KKAppDelegate.m; sourceTree = "<group>"; };
		33B325A0154C98DA00CB9597 /* FeatureDemo.entitlements */ = {isa = PBXFileReference; lastKnownFileType = text.xml; path = FeatureDemo.entitlements; sourceTree = "<group>"; };
		33B325A2154C98DA00CB9597 /* KKMasterViewController.h */ = {isa = PBXFileReference; lastKnownFileType = sourcecode.c.h; path = KKMasterViewController.h; sourceTree = "<group>"; };
		33B325A3154C98DA00CB9597 /* KKMasterViewController.m */ = {isa = PBXFileReference; lastKnownFileType = sourcecode.c.objc; path = KKMasterViewController.m; sourceTree = "<group>"; };
		33B325A5154C98DA00CB9597 /* KKDetailViewController.h */ = {isa = PBXFileReference; lastKnownFileType = sourcecode.c.h; path = KKDetailViewController.h; sourceTree = "<group>"; };
		33B325A6154C98DA00CB9597 /* KKDetailViewController.m */ = {isa = PBXFileReference; lastKnownFileType = sourcecode.c.objc; path = KKDetailViewController.m; sourceTree = "<group>"; };
		33B325A9154C98DA00CB9597 /* en */ = {isa = PBXFileReference; lastKnownFileType = file.xib; name = en; path = en.lproj/KKMasterViewController.xib; sourceTree = "<group>"; };
		33B325AC154C98DA00CB9597 /* en */ = {isa = PBXFileReference; lastKnownFileType = file.xib; name = en; path = en.lproj/KKDetailViewController.xib; sourceTree = "<group>"; };
		33B325B3154CA66300CB9597 /* libKKGridView.a */ = {isa = PBXFileReference; lastKnownFileType = file; name = libKKGridView.a; path = "../../../build/Release-iphoneos/libKKGridView.a"; sourceTree = "<group>"; };
		33B325B9154CB0C200CB9597 /* KKDemoCell.h */ = {isa = PBXFileReference; fileEncoding = 4; lastKnownFileType = sourcecode.c.h; path = KKDemoCell.h; sourceTree = "<group>"; };
		33B325BA154CB0C200CB9597 /* KKDemoCell.m */ = {isa = PBXFileReference; fileEncoding = 4; lastKnownFileType = sourcecode.c.objc; path = KKDemoCell.m; sourceTree = "<group>"; };
		33B325BC154E540700CB9597 /* KKGridView.bundle */ = {isa = PBXFileReference; lastKnownFileType = "wrapper.plug-in"; name = KKGridView.bundle; path = ../../../../KKGridView/KKGridView.bundle; sourceTree = "<group>"; };
/* End PBXFileReference section */

/* Begin PBXFrameworksBuildPhase section */
		33B32587154C98DA00CB9597 /* Frameworks */ = {
			isa = PBXFrameworksBuildPhase;
			buildActionMask = 2147483647;
			files = (
				33B3258F154C98DA00CB9597 /* UIKit.framework in Frameworks */,
				33B32591154C98DA00CB9597 /* Foundation.framework in Frameworks */,
				33B32593154C98DA00CB9597 /* CoreGraphics.framework in Frameworks */,
				33B325B4154CA66300CB9597 /* libKKGridView.a in Frameworks */,
			);
			runOnlyForDeploymentPostprocessing = 0;
		};
/* End PBXFrameworksBuildPhase section */

/* Begin PBXGroup section */
		33B3257F154C98DA00CB9597 = {
			isa = PBXGroup;
			children = (
				33B32594154C98DA00CB9597 /* FeatureDemo */,
				33B3258D154C98DA00CB9597 /* Frameworks */,
				33B3258B154C98DA00CB9597 /* Products */,
			);
			sourceTree = "<group>";
		};
		33B3258B154C98DA00CB9597 /* Products */ = {
			isa = PBXGroup;
			children = (
				33B3258A154C98DA00CB9597 /* FeatureDemo.app */,
			);
			name = Products;
			sourceTree = "<group>";
		};
		33B3258D154C98DA00CB9597 /* Frameworks */ = {
			isa = PBXGroup;
			children = (
				33B325B3154CA66300CB9597 /* libKKGridView.a */,
				33B3258E154C98DA00CB9597 /* UIKit.framework */,
				33B32590154C98DA00CB9597 /* Foundation.framework */,
				33B32592154C98DA00CB9597 /* CoreGraphics.framework */,
			);
			name = Frameworks;
			sourceTree = "<group>";
		};
		33B32594154C98DA00CB9597 /* FeatureDemo */ = {
			isa = PBXGroup;
			children = (
				33B3259D154C98DA00CB9597 /* KKAppDelegate.h */,
				33B3259E154C98DA00CB9597 /* KKAppDelegate.m */,
				33B325A2154C98DA00CB9597 /* KKMasterViewController.h */,
				33B325A3154C98DA00CB9597 /* KKMasterViewController.m */,
				33B325A5154C98DA00CB9597 /* KKDetailViewController.h */,
				33B325A6154C98DA00CB9597 /* KKDetailViewController.m */,
				33B325B9154CB0C200CB9597 /* KKDemoCell.h */,
				33B325BA154CB0C200CB9597 /* KKDemoCell.m */,
				33B325A8154C98DA00CB9597 /* KKMasterViewController.xib */,
				33B325AB154C98DA00CB9597 /* KKDetailViewController.xib */,
				33B325BC154E540700CB9597 /* KKGridView.bundle */,
				33B32595154C98DA00CB9597 /* Supporting Files */,
			);
			path = FeatureDemo;
			sourceTree = "<group>";
		};
		33B32595154C98DA00CB9597 /* Supporting Files */ = {
			isa = PBXGroup;
			children = (
				33B32596154C98DA00CB9597 /* FeatureDemo-Info.plist */,
				33B32597154C98DA00CB9597 /* InfoPlist.strings */,
				33B3259A154C98DA00CB9597 /* main.m */,
				33B3259C154C98DA00CB9597 /* FeatureDemo-Prefix.pch */,
				33B325A0154C98DA00CB9597 /* FeatureDemo.entitlements */,
			);
			name = "Supporting Files";
			sourceTree = "<group>";
		};
/* End PBXGroup section */

/* Begin PBXNativeTarget section */
		33B32589154C98DA00CB9597 /* FeatureDemo */ = {
			isa = PBXNativeTarget;
			buildConfigurationList = 33B325B0154C98DA00CB9597 /* Build configuration list for PBXNativeTarget "FeatureDemo" */;
			buildPhases = (
				33B32586154C98DA00CB9597 /* Sources */,
				33B32587154C98DA00CB9597 /* Frameworks */,
				33B32588154C98DA00CB9597 /* Resources */,
			);
			buildRules = (
			);
			dependencies = (
			);
			name = FeatureDemo;
			productName = FeatureDemo;
			productReference = 33B3258A154C98DA00CB9597 /* FeatureDemo.app */;
			productType = "com.apple.product-type.application";
		};
/* End PBXNativeTarget section */

/* Begin PBXProject section */
		33B32581154C98DA00CB9597 /* Project object */ = {
			isa = PBXProject;
			attributes = {
				CLASSPREFIX = KK;
				LastUpgradeCheck = 0440;
				ORGANIZATIONNAME = "Kolin Krewinkel";
			};
			buildConfigurationList = 33B32584154C98DA00CB9597 /* Build configuration list for PBXProject "FeatureDemo" */;
			compatibilityVersion = "Xcode 3.2";
			developmentRegion = English;
			hasScannedForEncodings = 0;
			knownRegions = (
				en,
			);
			mainGroup = 33B3257F154C98DA00CB9597;
			productRefGroup = 33B3258B154C98DA00CB9597 /* Products */;
			projectDirPath = "";
			projectRoot = "";
			targets = (
				33B32589154C98DA00CB9597 /* FeatureDemo */,
			);
		};
/* End PBXProject section */

/* Begin PBXResourcesBuildPhase section */
		33B32588154C98DA00CB9597 /* Resources */ = {
			isa = PBXResourcesBuildPhase;
			buildActionMask = 2147483647;
			files = (
				33B32599154C98DA00CB9597 /* InfoPlist.strings in Resources */,
				33B325A1154C98DA00CB9597 /* FeatureDemo.entitlements in Resources */,
				33B325AA154C98DA00CB9597 /* KKMasterViewController.xib in Resources */,
				33B325AD154C98DA00CB9597 /* KKDetailViewController.xib in Resources */,
				33B325BD154E540700CB9597 /* KKGridView.bundle in Resources */,
			);
			runOnlyForDeploymentPostprocessing = 0;
		};
/* End PBXResourcesBuildPhase section */

/* Begin PBXSourcesBuildPhase section */
		33B32586154C98DA00CB9597 /* Sources */ = {
			isa = PBXSourcesBuildPhase;
			buildActionMask = 2147483647;
			files = (
				33B3259B154C98DA00CB9597 /* main.m in Sources */,
				33B3259F154C98DA00CB9597 /* KKAppDelegate.m in Sources */,
				33B325A4154C98DA00CB9597 /* KKMasterViewController.m in Sources */,
				33B325A7154C98DA00CB9597 /* KKDetailViewController.m in Sources */,
				33B325BB154CB0C200CB9597 /* KKDemoCell.m in Sources */,
			);
			runOnlyForDeploymentPostprocessing = 0;
		};
/* End PBXSourcesBuildPhase section */

/* Begin PBXVariantGroup section */
		33B32597154C98DA00CB9597 /* InfoPlist.strings */ = {
			isa = PBXVariantGroup;
			children = (
				33B32598154C98DA00CB9597 /* en */,
			);
			name = InfoPlist.strings;
			sourceTree = "<group>";
		};
		33B325A8154C98DA00CB9597 /* KKMasterViewController.xib */ = {
			isa = PBXVariantGroup;
			children = (
				33B325A9154C98DA00CB9597 /* en */,
			);
			name = KKMasterViewController.xib;
			sourceTree = "<group>";
		};
		33B325AB154C98DA00CB9597 /* KKDetailViewController.xib */ = {
			isa = PBXVariantGroup;
			children = (
				33B325AC154C98DA00CB9597 /* en */,
			);
			name = KKDetailViewController.xib;
			sourceTree = "<group>";
		};
/* End PBXVariantGroup section */

/* Begin XCBuildConfiguration section */
		33B325AE154C98DA00CB9597 /* Debug */ = {
			isa = XCBuildConfiguration;
			buildSettings = {
				ALWAYS_SEARCH_USER_PATHS = NO;
				ARCHS = "$(ARCHS_STANDARD_32_BIT)";
				CLANG_ENABLE_OBJC_ARC = YES;
				CLANG_WARN__DUPLICATE_METHOD_MATCH = YES;
				"CODE_SIGN_IDENTITY[sdk=iphoneos*]" = "iPhone Developer";
				COPY_PHASE_STRIP = NO;
				GCC_C_LANGUAGE_STANDARD = gnu99;
				GCC_DYNAMIC_NO_PIC = NO;
				GCC_OPTIMIZATION_LEVEL = 0;
				GCC_PREPROCESSOR_DEFINITIONS = (
					"DEBUG=1",
					"$(inherited)",
				);
				GCC_SYMBOLS_PRIVATE_EXTERN = NO;
				GCC_VERSION = com.apple.compilers.llvm.clang.1_0;
				GCC_WARN_ABOUT_RETURN_TYPE = YES;
				GCC_WARN_UNINITIALIZED_AUTOS = YES;
				GCC_WARN_UNUSED_VARIABLE = YES;
				IPHONEOS_DEPLOYMENT_TARGET = 5.1;
				SDKROOT = iphoneos;
				TARGETED_DEVICE_FAMILY = 2;
			};
			name = Debug;
		};
		33B325AF154C98DA00CB9597 /* Release */ = {
			isa = XCBuildConfiguration;
			buildSettings = {
				ALWAYS_SEARCH_USER_PATHS = NO;
				ARCHS = "$(ARCHS_STANDARD_32_BIT)";
				CLANG_ENABLE_OBJC_ARC = YES;
				CLANG_WARN__DUPLICATE_METHOD_MATCH = YES;
				"CODE_SIGN_IDENTITY[sdk=iphoneos*]" = "iPhone Developer";
				COPY_PHASE_STRIP = YES;
				GCC_C_LANGUAGE_STANDARD = gnu99;
				GCC_VERSION = com.apple.compilers.llvm.clang.1_0;
				GCC_WARN_ABOUT_RETURN_TYPE = YES;
				GCC_WARN_UNINITIALIZED_AUTOS = YES;
				GCC_WARN_UNUSED_VARIABLE = YES;
				IPHONEOS_DEPLOYMENT_TARGET = 5.1;
				OTHER_CFLAGS = "-DNS_BLOCK_ASSERTIONS=1";
				SDKROOT = iphoneos;
				TARGETED_DEVICE_FAMILY = 2;
				VALIDATE_PRODUCT = YES;
			};
			name = Release;
		};
		33B325B1154C98DA00CB9597 /* Debug */ = {
			isa = XCBuildConfiguration;
			buildSettings = {
				CODE_SIGN_ENTITLEMENTS = FeatureDemo/FeatureDemo.entitlements;
				GCC_PRECOMPILE_PREFIX_HEADER = YES;
				GCC_PREFIX_HEADER = "FeatureDemo/FeatureDemo-Prefix.pch";
				INFOPLIST_FILE = "FeatureDemo/FeatureDemo-Info.plist";
				IPHONEOS_DEPLOYMENT_TARGET = 5.0;
				PRODUCT_NAME = "$(TARGET_NAME)";
				WRAPPER_EXTENSION = app;
			};
			name = Debug;
		};
		33B325B2154C98DA00CB9597 /* Release */ = {
			isa = XCBuildConfiguration;
			buildSettings = {
				CODE_SIGN_ENTITLEMENTS = FeatureDemo/FeatureDemo.entitlements;
				GCC_PRECOMPILE_PREFIX_HEADER = YES;
				GCC_PREFIX_HEADER = "FeatureDemo/FeatureDemo-Prefix.pch";
				INFOPLIST_FILE = "FeatureDemo/FeatureDemo-Info.plist";
				IPHONEOS_DEPLOYMENT_TARGET = 5.0;
				PRODUCT_NAME = "$(TARGET_NAME)";
				WRAPPER_EXTENSION = app;
			};
			name = Release;
		};
/* End XCBuildConfiguration section */

/* Begin XCConfigurationList section */
		33B32584154C98DA00CB9597 /* Build configuration list for PBXProject "FeatureDemo" */ = {
			isa = XCConfigurationList;
			buildConfigurations = (
				33B325AE154C98DA00CB9597 /* Debug */,
				33B325AF154C98DA00CB9597 /* Release */,
			);
			defaultConfigurationIsVisible = 0;
			defaultConfigurationName = Release;
		};
		33B325B0154C98DA00CB9597 /* Build configuration list for PBXNativeTarget "FeatureDemo" */ = {
			isa = XCConfigurationList;
			buildConfigurations = (
				33B325B1154C98DA00CB9597 /* Debug */,
				33B325B2154C98DA00CB9597 /* Release */,
			);
			defaultConfigurationIsVisible = 0;
		};
/* End XCConfigurationList section */
	};
	rootObject = 33B32581154C98DA00CB9597 /* Project object */;
}
